// !$*UTF8*$!
{
	archiveVersion = 1;
	classes = {
	};
	objectVersion = 50;
	objects = {

/* Begin PBXBuildFile section */
		3F7DA68C222CDAB1001BB156 /* AppDelegate.swift in Sources */ = {isa = PBXBuildFile; fileRef = 3F7DA68B222CDAB1001BB156 /* AppDelegate.swift */; };
		3F7DA68E222CDAB1001BB156 /* ViewController.swift in Sources */ = {isa = PBXBuildFile; fileRef = 3F7DA68D222CDAB1001BB156 /* ViewController.swift */; };
		3F7DA691222CDAB1001BB156 /* Main.storyboard in Resources */ = {isa = PBXBuildFile; fileRef = 3F7DA68F222CDAB1001BB156 /* Main.storyboard */; };
		3F7DA693222CDAB3001BB156 /* Assets.xcassets in Resources */ = {isa = PBXBuildFile; fileRef = 3F7DA692222CDAB3001BB156 /* Assets.xcassets */; };
		3F7DA696222CDAB3001BB156 /* LaunchScreen.storyboard in Resources */ = {isa = PBXBuildFile; fileRef = 3F7DA694222CDAB3001BB156 /* LaunchScreen.storyboard */; };
		3F7DA6A1222CDAB4001BB156 /* Meme_MakerTests.swift in Sources */ = {isa = PBXBuildFile; fileRef = 3F7DA6A0222CDAB4001BB156 /* Meme_MakerTests.swift */; };
		3F7DA6AC222CDAB4001BB156 /* Meme_MakerUITests.swift in Sources */ = {isa = PBXBuildFile; fileRef = 3F7DA6AB222CDAB4001BB156 /* Meme_MakerUITests.swift */; };
		3F7DA6BA222CDDC9001BB156 /* CaptionChoice.swift in Sources */ = {isa = PBXBuildFile; fileRef = 3F7DA6B9222CDDC9001BB156 /* CaptionChoice.swift */; };
/* End PBXBuildFile section */

/* Begin PBXContainerItemProxy section */
		3F7DA69D222CDAB4001BB156 /* PBXContainerItemProxy */ = {
			isa = PBXContainerItemProxy;
			containerPortal = 3F7DA680222CDAB1001BB156 /* Project object */;
			proxyType = 1;
			remoteGlobalIDString = 3F7DA687222CDAB1001BB156;
			remoteInfo = Meme_Maker;
		};
		3F7DA6A8222CDAB4001BB156 /* PBXContainerItemProxy */ = {
			isa = PBXContainerItemProxy;
			containerPortal = 3F7DA680222CDAB1001BB156 /* Project object */;
			proxyType = 1;
			remoteGlobalIDString = 3F7DA687222CDAB1001BB156;
			remoteInfo = Meme_Maker;
		};
/* End PBXContainerItemProxy section */

/* Begin PBXFileReference section */
		3F7DA688222CDAB1001BB156 /* Meme_Maker.app */ = {isa = PBXFileReference; explicitFileType = wrapper.application; includeInIndex = 0; path = Meme_Maker.app; sourceTree = BUILT_PRODUCTS_DIR; };
		3F7DA68B222CDAB1001BB156 /* AppDelegate.swift */ = {isa = PBXFileReference; lastKnownFileType = sourcecode.swift; path = AppDelegate.swift; sourceTree = "<group>"; };
		3F7DA68D222CDAB1001BB156 /* ViewController.swift */ = {isa = PBXFileReference; lastKnownFileType = sourcecode.swift; path = ViewController.swift; sourceTree = "<group>"; };
		3F7DA690222CDAB1001BB156 /* Base */ = {isa = PBXFileReference; lastKnownFileType = file.storyboard; name = Base; path = Base.lproj/Main.storyboard; sourceTree = "<group>"; };
		3F7DA692222CDAB3001BB156 /* Assets.xcassets */ = {isa = PBXFileReference; lastKnownFileType = folder.assetcatalog; path = Assets.xcassets; sourceTree = "<group>"; };
		3F7DA695222CDAB3001BB156 /* Base */ = {isa = PBXFileReference; lastKnownFileType = file.storyboard; name = Base; path = Base.lproj/LaunchScreen.storyboard; sourceTree = "<group>"; };
		3F7DA697222CDAB3001BB156 /* Info.plist */ = {isa = PBXFileReference; lastKnownFileType = text.plist.xml; path = Info.plist; sourceTree = "<group>"; };
		3F7DA69C222CDAB4001BB156 /* Meme_MakerTests.xctest */ = {isa = PBXFileReference; explicitFileType = wrapper.cfbundle; includeInIndex = 0; path = Meme_MakerTests.xctest; sourceTree = BUILT_PRODUCTS_DIR; };
		3F7DA6A0222CDAB4001BB156 /* Meme_MakerTests.swift */ = {isa = PBXFileReference; lastKnownFileType = sourcecode.swift; path = Meme_MakerTests.swift; sourceTree = "<group>"; };
		3F7DA6A2222CDAB4001BB156 /* Info.plist */ = {isa = PBXFileReference; lastKnownFileType = text.plist.xml; path = Info.plist; sourceTree = "<group>"; };
		3F7DA6A7222CDAB4001BB156 /* Meme_MakerUITests.xctest */ = {isa = PBXFileReference; explicitFileType = wrapper.cfbundle; includeInIndex = 0; path = Meme_MakerUITests.xctest; sourceTree = BUILT_PRODUCTS_DIR; };
		3F7DA6AB222CDAB4001BB156 /* Meme_MakerUITests.swift */ = {isa = PBXFileReference; lastKnownFileType = sourcecode.swift; path = Meme_MakerUITests.swift; sourceTree = "<group>"; };
		3F7DA6AD222CDAB4001BB156 /* Info.plist */ = {isa = PBXFileReference; lastKnownFileType = text.plist.xml; path = Info.plist; sourceTree = "<group>"; };
		3F7DA6B9222CDDC9001BB156 /* CaptionChoice.swift */ = {isa = PBXFileReference; lastKnownFileType = sourcecode.swift; path = CaptionChoice.swift; sourceTree = "<group>"; };
/* End PBXFileReference section */

/* Begin PBXFrameworksBuildPhase section */
		3F7DA685222CDAB1001BB156 /* Frameworks */ = {
			isa = PBXFrameworksBuildPhase;
			buildActionMask = 2147483647;
			files = (
			);
			runOnlyForDeploymentPostprocessing = 0;
		};
		3F7DA699222CDAB4001BB156 /* Frameworks */ = {
			isa = PBXFrameworksBuildPhase;
			buildActionMask = 2147483647;
			files = (
			);
			runOnlyForDeploymentPostprocessing = 0;
		};
		3F7DA6A4222CDAB4001BB156 /* Frameworks */ = {
			isa = PBXFrameworksBuildPhase;
			buildActionMask = 2147483647;
			files = (
			);
			runOnlyForDeploymentPostprocessing = 0;
		};
/* End PBXFrameworksBuildPhase section */

/* Begin PBXGroup section */
		3F7DA67F222CDAB1001BB156 = {
			isa = PBXGroup;
			children = (
				3F7DA68A222CDAB1001BB156 /* Meme_Maker */,
				3F7DA69F222CDAB4001BB156 /* Meme_MakerTests */,
				3F7DA6AA222CDAB4001BB156 /* Meme_MakerUITests */,
				3F7DA689222CDAB1001BB156 /* Products */,
			);
			sourceTree = "<group>";
		};
		3F7DA689222CDAB1001BB156 /* Products */ = {
			isa = PBXGroup;
			children = (
				3F7DA688222CDAB1001BB156 /* Meme_Maker.app */,
				3F7DA69C222CDAB4001BB156 /* Meme_MakerTests.xctest */,
				3F7DA6A7222CDAB4001BB156 /* Meme_MakerUITests.xctest */,
			);
			name = Products;
			sourceTree = "<group>";
		};
		3F7DA68A222CDAB1001BB156 /* Meme_Maker */ = {
			isa = PBXGroup;
			children = (
				3F7DA68B222CDAB1001BB156 /* AppDelegate.swift */,
				3F7DA68D222CDAB1001BB156 /* ViewController.swift */,
				3F7DA68F222CDAB1001BB156 /* Main.storyboard */,
				3F7DA6B9222CDDC9001BB156 /* CaptionChoice.swift */,
				3F7DA692222CDAB3001BB156 /* Assets.xcassets */,
				3F7DA694222CDAB3001BB156 /* LaunchScreen.storyboard */,
				3F7DA697222CDAB3001BB156 /* Info.plist */,
			);
			path = Meme_Maker;
			sourceTree = "<group>";
		};
		3F7DA69F222CDAB4001BB156 /* Meme_MakerTests */ = {
			isa = PBXGroup;
			children = (
				3F7DA6A0222CDAB4001BB156 /* Meme_MakerTests.swift */,
				3F7DA6A2222CDAB4001BB156 /* Info.plist */,
			);
			path = Meme_MakerTests;
			sourceTree = "<group>";
		};
		3F7DA6AA222CDAB4001BB156 /* Meme_MakerUITests */ = {
			isa = PBXGroup;
			children = (
				3F7DA6AB222CDAB4001BB156 /* Meme_MakerUITests.swift */,
				3F7DA6AD222CDAB4001BB156 /* Info.plist */,
			);
			path = Meme_MakerUITests;
			sourceTree = "<group>";
		};
/* End PBXGroup section */

/* Begin PBXNativeTarget section */
		3F7DA687222CDAB1001BB156 /* Meme_Maker */ = {
			isa = PBXNativeTarget;
			buildConfigurationList = 3F7DA6B0222CDAB4001BB156 /* Build configuration list for PBXNativeTarget "Meme_Maker" */;
			buildPhases = (
				3F7DA684222CDAB1001BB156 /* Sources */,
				3F7DA685222CDAB1001BB156 /* Frameworks */,
				3F7DA686222CDAB1001BB156 /* Resources */,
			);
			buildRules = (
			);
			dependencies = (
			);
			name = Meme_Maker;
			productName = Meme_Maker;
			productReference = 3F7DA688222CDAB1001BB156 /* Meme_Maker.app */;
			productType = "com.apple.product-type.application";
		};
		3F7DA69B222CDAB4001BB156 /* Meme_MakerTests */ = {
			isa = PBXNativeTarget;
			buildConfigurationList = 3F7DA6B3222CDAB4001BB156 /* Build configuration list for PBXNativeTarget "Meme_MakerTests" */;
			buildPhases = (
				3F7DA698222CDAB4001BB156 /* Sources */,
				3F7DA699222CDAB4001BB156 /* Frameworks */,
				3F7DA69A222CDAB4001BB156 /* Resources */,
			);
			buildRules = (
			);
			dependencies = (
				3F7DA69E222CDAB4001BB156 /* PBXTargetDependency */,
			);
			name = Meme_MakerTests;
			productName = Meme_MakerTests;
			productReference = 3F7DA69C222CDAB4001BB156 /* Meme_MakerTests.xctest */;
			productType = "com.apple.product-type.bundle.unit-test";
		};
		3F7DA6A6222CDAB4001BB156 /* Meme_MakerUITests */ = {
			isa = PBXNativeTarget;
			buildConfigurationList = 3F7DA6B6222CDAB4001BB156 /* Build configuration list for PBXNativeTarget "Meme_MakerUITests" */;
			buildPhases = (
				3F7DA6A3222CDAB4001BB156 /* Sources */,
				3F7DA6A4222CDAB4001BB156 /* Frameworks */,
				3F7DA6A5222CDAB4001BB156 /* Resources */,
			);
			buildRules = (
			);
			dependencies = (
				3F7DA6A9222CDAB4001BB156 /* PBXTargetDependency */,
			);
			name = Meme_MakerUITests;
			productName = Meme_MakerUITests;
			productReference = 3F7DA6A7222CDAB4001BB156 /* Meme_MakerUITests.xctest */;
			productType = "com.apple.product-type.bundle.ui-testing";
		};
/* End PBXNativeTarget section */

/* Begin PBXProject section */
		3F7DA680222CDAB1001BB156 /* Project object */ = {
			isa = PBXProject;
			attributes = {
				LastSwiftUpdateCheck = 1010;
				LastUpgradeCheck = 1010;
				ORGANIZATIONNAME = Student;
				TargetAttributes = {
					3F7DA687222CDAB1001BB156 = {
						CreatedOnToolsVersion = 10.1;
					};
					3F7DA69B222CDAB4001BB156 = {
						CreatedOnToolsVersion = 10.1;
						TestTargetID = 3F7DA687222CDAB1001BB156;
					};
					3F7DA6A6222CDAB4001BB156 = {
						CreatedOnToolsVersion = 10.1;
						TestTargetID = 3F7DA687222CDAB1001BB156;
					};
				};
			};
			buildConfigurationList = 3F7DA683222CDAB1001BB156 /* Build configuration list for PBXProject "iBuild_App" */;
			compatibilityVersion = "Xcode 9.3";
			developmentRegion = en;
			hasScannedForEncodings = 0;
			knownRegions = (
				en,
				Base,
			);
			mainGroup = 3F7DA67F222CDAB1001BB156;
			productRefGroup = 3F7DA689222CDAB1001BB156 /* Products */;
			projectDirPath = "";
			projectRoot = "";
			targets = (
				3F7DA687222CDAB1001BB156 /* Meme_Maker */,
				3F7DA69B222CDAB4001BB156 /* Meme_MakerTests */,
				3F7DA6A6222CDAB4001BB156 /* Meme_MakerUITests */,
			);
		};
/* End PBXProject section */

/* Begin PBXResourcesBuildPhase section */
		3F7DA686222CDAB1001BB156 /* Resources */ = {
			isa = PBXResourcesBuildPhase;
			buildActionMask = 2147483647;
			files = (
				3F7DA696222CDAB3001BB156 /* LaunchScreen.storyboard in Resources */,
				3F7DA693222CDAB3001BB156 /* Assets.xcassets in Resources */,
				3F7DA691222CDAB1001BB156 /* Main.storyboard in Resources */,
			);
			runOnlyForDeploymentPostprocessing = 0;
		};
		3F7DA69A222CDAB4001BB156 /* Resources */ = {
			isa = PBXResourcesBuildPhase;
			buildActionMask = 2147483647;
			files = (
			);
			runOnlyForDeploymentPostprocessing = 0;
		};
		3F7DA6A5222CDAB4001BB156 /* Resources */ = {
			isa = PBXResourcesBuildPhase;
			buildActionMask = 2147483647;
			files = (
			);
			runOnlyForDeploymentPostprocessing = 0;
		};
/* End PBXResourcesBuildPhase section */

/* Begin PBXSourcesBuildPhase section */
		3F7DA684222CDAB1001BB156 /* Sources */ = {
			isa = PBXSourcesBuildPhase;
			buildActionMask = 2147483647;
			files = (
				3F7DA68E222CDAB1001BB156 /* ViewController.swift in Sources */,
				3F7DA6BA222CDDC9001BB156 /* CaptionChoice.swift in Sources */,
				3F7DA68C222CDAB1001BB156 /* AppDelegate.swift in Sources */,
			);
			runOnlyForDeploymentPostprocessing = 0;
		};
		3F7DA698222CDAB4001BB156 /* Sources */ = {
			isa = PBXSourcesBuildPhase;
			buildActionMask = 2147483647;
			files = (
				3F7DA6A1222CDAB4001BB156 /* Meme_MakerTests.swift in Sources */,
			);
			runOnlyForDeploymentPostprocessing = 0;
		};
		3F7DA6A3222CDAB4001BB156 /* Sources */ = {
			isa = PBXSourcesBuildPhase;
			buildActionMask = 2147483647;
			files = (
				3F7DA6AC222CDAB4001BB156 /* Meme_MakerUITests.swift in Sources */,
			);
			runOnlyForDeploymentPostprocessing = 0;
		};
/* End PBXSourcesBuildPhase section */

/* Begin PBXTargetDependency section */
		3F7DA69E222CDAB4001BB156 /* PBXTargetDependency */ = {
			isa = PBXTargetDependency;
			target = 3F7DA687222CDAB1001BB156 /* Meme_Maker */;
			targetProxy = 3F7DA69D222CDAB4001BB156 /* PBXContainerItemProxy */;
		};
		3F7DA6A9222CDAB4001BB156 /* PBXTargetDependency */ = {
			isa = PBXTargetDependency;
			target = 3F7DA687222CDAB1001BB156 /* Meme_Maker */;
			targetProxy = 3F7DA6A8222CDAB4001BB156 /* PBXContainerItemProxy */;
		};
/* End PBXTargetDependency section */

/* Begin PBXVariantGroup section */
		3F7DA68F222CDAB1001BB156 /* Main.storyboard */ = {
			isa = PBXVariantGroup;
			children = (
				3F7DA690222CDAB1001BB156 /* Base */,
			);
			name = Main.storyboard;
			sourceTree = "<group>";
		};
		3F7DA694222CDAB3001BB156 /* LaunchScreen.storyboard */ = {
			isa = PBXVariantGroup;
			children = (
				3F7DA695222CDAB3001BB156 /* Base */,
			);
			name = LaunchScreen.storyboard;
			sourceTree = "<group>";
		};
/* End PBXVariantGroup section */

/* Begin XCBuildConfiguration section */
		3F7DA6AE222CDAB4001BB156 /* Debug */ = {
			isa = XCBuildConfiguration;
			buildSettings = {
				ALWAYS_SEARCH_USER_PATHS = NO;
				CLANG_ANALYZER_NONNULL = YES;
				CLANG_ANALYZER_NUMBER_OBJECT_CONVERSION = YES_AGGRESSIVE;
				CLANG_CXX_LANGUAGE_STANDARD = "gnu++14";
				CLANG_CXX_LIBRARY = "libc++";
				CLANG_ENABLE_MODULES = YES;
				CLANG_ENABLE_OBJC_ARC = YES;
				CLANG_ENABLE_OBJC_WEAK = YES;
				CLANG_WARN_BLOCK_CAPTURE_AUTORELEASING = YES;
				CLANG_WARN_BOOL_CONVERSION = YES;
				CLANG_WARN_COMMA = YES;
				CLANG_WARN_CONSTANT_CONVERSION = YES;
				CLANG_WARN_DEPRECATED_OBJC_IMPLEMENTATIONS = YES;
				CLANG_WARN_DIRECT_OBJC_ISA_USAGE = YES_ERROR;
				CLANG_WARN_DOCUMENTATION_COMMENTS = YES;
				CLANG_WARN_EMPTY_BODY = YES;
				CLANG_WARN_ENUM_CONVERSION = YES;
				CLANG_WARN_INFINITE_RECURSION = YES;
				CLANG_WARN_INT_CONVERSION = YES;
				CLANG_WARN_NON_LITERAL_NULL_CONVERSION = YES;
				CLANG_WARN_OBJC_IMPLICIT_RETAIN_SELF = YES;
				CLANG_WARN_OBJC_LITERAL_CONVERSION = YES;
				CLANG_WARN_OBJC_ROOT_CLASS = YES_ERROR;
				CLANG_WARN_RANGE_LOOP_ANALYSIS = YES;
				CLANG_WARN_STRICT_PROTOTYPES = YES;
				CLANG_WARN_SUSPICIOUS_MOVE = YES;
				CLANG_WARN_UNGUARDED_AVAILABILITY = YES_AGGRESSIVE;
				CLANG_WARN_UNREACHABLE_CODE = YES;
				CLANG_WARN__DUPLICATE_METHOD_MATCH = YES;
				CODE_SIGN_IDENTITY = "iPhone Developer";
				COPY_PHASE_STRIP = NO;
				DEBUG_INFORMATION_FORMAT = dwarf;
				ENABLE_STRICT_OBJC_MSGSEND = YES;
				ENABLE_TESTABILITY = YES;
				GCC_C_LANGUAGE_STANDARD = gnu11;
				GCC_DYNAMIC_NO_PIC = NO;
				GCC_NO_COMMON_BLOCKS = YES;
				GCC_OPTIMIZATION_LEVEL = 0;
				GCC_PREPROCESSOR_DEFINITIONS = (
					"DEBUG=1",
					"$(inherited)",
				);
				GCC_WARN_64_TO_32_BIT_CONVERSION = YES;
				GCC_WARN_ABOUT_RETURN_TYPE = YES_ERROR;
				GCC_WARN_UNDECLARED_SELECTOR = YES;
				GCC_WARN_UNINITIALIZED_AUTOS = YES_AGGRESSIVE;
				GCC_WARN_UNUSED_FUNCTION = YES;
				GCC_WARN_UNUSED_VARIABLE = YES;
				IPHONEOS_DEPLOYMENT_TARGET = 12.1;
				MTL_ENABLE_DEBUG_INFO = INCLUDE_SOURCE;
				MTL_FAST_MATH = YES;
				ONLY_ACTIVE_ARCH = YES;
				SDKROOT = iphoneos;
				SWIFT_ACTIVE_COMPILATION_CONDITIONS = DEBUG;
				SWIFT_OPTIMIZATION_LEVEL = "-Onone";
			};
			name = Debug;
		};
		3F7DA6AF222CDAB4001BB156 /* Release */ = {
			isa = XCBuildConfiguration;
			buildSettings = {
				ALWAYS_SEARCH_USER_PATHS = NO;
				CLANG_ANALYZER_NONNULL = YES;
				CLANG_ANALYZER_NUMBER_OBJECT_CONVERSION = YES_AGGRESSIVE;
				CLANG_CXX_LANGUAGE_STANDARD = "gnu++14";
				CLANG_CXX_LIBRARY = "libc++";
				CLANG_ENABLE_MODULES = YES;
				CLANG_ENABLE_OBJC_ARC = YES;
				CLANG_ENABLE_OBJC_WEAK = YES;
				CLANG_WARN_BLOCK_CAPTURE_AUTORELEASING = YES;
				CLANG_WARN_BOOL_CONVERSION = YES;
				CLANG_WARN_COMMA = YES;
				CLANG_WARN_CONSTANT_CONVERSION = YES;
				CLANG_WARN_DEPRECATED_OBJC_IMPLEMENTATIONS = YES;
				CLANG_WARN_DIRECT_OBJC_ISA_USAGE = YES_ERROR;
				CLANG_WARN_DOCUMENTATION_COMMENTS = YES;
				CLANG_WARN_EMPTY_BODY = YES;
				CLANG_WARN_ENUM_CONVERSION = YES;
				CLANG_WARN_INFINITE_RECURSION = YES;
				CLANG_WARN_INT_CONVERSION = YES;
				CLANG_WARN_NON_LITERAL_NULL_CONVERSION = YES;
				CLANG_WARN_OBJC_IMPLICIT_RETAIN_SELF = YES;
				CLANG_WARN_OBJC_LITERAL_CONVERSION = YES;
				CLANG_WARN_OBJC_ROOT_CLASS = YES_ERROR;
				CLANG_WARN_RANGE_LOOP_ANALYSIS = YES;
				CLANG_WARN_STRICT_PROTOTYPES = YES;
				CLANG_WARN_SUSPICIOUS_MOVE = YES;
				CLANG_WARN_UNGUARDED_AVAILABILITY = YES_AGGRESSIVE;
				CLANG_WARN_UNREACHABLE_CODE = YES;
				CLANG_WARN__DUPLICATE_METHOD_MATCH = YES;
				CODE_SIGN_IDENTITY = "iPhone Developer";
				COPY_PHASE_STRIP = NO;
				DEBUG_INFORMATION_FORMAT = "dwarf-with-dsym";
				ENABLE_NS_ASSERTIONS = NO;
				ENABLE_STRICT_OBJC_MSGSEND = YES;
				GCC_C_LANGUAGE_STANDARD = gnu11;
				GCC_NO_COMMON_BLOCKS = YES;
				GCC_WARN_64_TO_32_BIT_CONVERSION = YES;
				GCC_WARN_ABOUT_RETURN_TYPE = YES_ERROR;
				GCC_WARN_UNDECLARED_SELECTOR = YES;
				GCC_WARN_UNINITIALIZED_AUTOS = YES_AGGRESSIVE;
				GCC_WARN_UNUSED_FUNCTION = YES;
				GCC_WARN_UNUSED_VARIABLE = YES;
				IPHONEOS_DEPLOYMENT_TARGET = 12.1;
				MTL_ENABLE_DEBUG_INFO = NO;
				MTL_FAST_MATH = YES;
				SDKROOT = iphoneos;
				SWIFT_COMPILATION_MODE = wholemodule;
				SWIFT_OPTIMIZATION_LEVEL = "-O";
				VALIDATE_PRODUCT = YES;
			};
			name = Release;
		};
		3F7DA6B1222CDAB4001BB156 /* Debug */ = {
			isa = XCBuildConfiguration;
			buildSettings = {
				ASSETCATALOG_COMPILER_APPICON_NAME = AppIcon;
				CODE_SIGN_STYLE = Automatic;
				DEVELOPMENT_TEAM = "";
				INFOPLIST_FILE = Meme_Maker/Info.plist;
				LD_RUNPATH_SEARCH_PATHS = (
					"$(inherited)",
					"@executable_path/Frameworks",
				);
				PRODUCT_BUNDLE_IDENTIFIER = "App.Meme-Maker";
				PRODUCT_NAME = "$(TARGET_NAME)";
				SWIFT_VERSION = 4.2;
				TARGETED_DEVICE_FAMILY = 2;
			};
			name = Debug;
		};
		3F7DA6B2222CDAB4001BB156 /* Release */ = {
			isa = XCBuildConfiguration;
			buildSettings = {
				ASSETCATALOG_COMPILER_APPICON_NAME = AppIcon;
				CODE_SIGN_STYLE = Automatic;
				DEVELOPMENT_TEAM = "";
				INFOPLIST_FILE = Meme_Maker/Info.plist;
				LD_RUNPATH_SEARCH_PATHS = (
					"$(inherited)",
					"@executable_path/Frameworks",
				);
				PRODUCT_BUNDLE_IDENTIFIER = "App.Meme-Maker";
				PRODUCT_NAME = "$(TARGET_NAME)";
				SWIFT_VERSION = 4.2;
				TARGETED_DEVICE_FAMILY = 2;
			};
			name = Release;
		};
		3F7DA6B4222CDAB4001BB156 /* Debug */ = {
			isa = XCBuildConfiguration;
			buildSettings = {
				ALWAYS_EMBED_SWIFT_STANDARD_LIBRARIES = YES;
				BUNDLE_LOADER = "$(TEST_HOST)";
				CODE_SIGN_STYLE = Automatic;
				DEVELOPMENT_TEAM = C6NU8MQV95;
				INFOPLIST_FILE = Meme_MakerTests/Info.plist;
				LD_RUNPATH_SEARCH_PATHS = (
					"$(inherited)",
					"@executable_path/Frameworks",
					"@loader_path/Frameworks",
				);
				PRODUCT_BUNDLE_IDENTIFIER = "App.Meme-MakerTests";
				PRODUCT_NAME = "$(TARGET_NAME)";
				SWIFT_VERSION = 4.2;
				TARGETED_DEVICE_FAMILY = "1,2";
				TEST_HOST = "$(BUILT_PRODUCTS_DIR)/Meme_Maker.app/Meme_Maker";
			};
			name = Debug;
		};
		3F7DA6B5222CDAB4001BB156 /* Release */ = {
			isa = XCBuildConfiguration;
			buildSettings = {
				ALWAYS_EMBED_SWIFT_STANDARD_LIBRARIES = YES;
				BUNDLE_LOADER = "$(TEST_HOST)";
				CODE_SIGN_STYLE = Automatic;
				DEVELOPMENT_TEAM = C6NU8MQV95;
				INFOPLIST_FILE = Meme_MakerTests/Info.plist;
				LD_RUNPATH_SEARCH_PATHS = (
					"$(inherited)",
					"@executable_path/Frameworks",
					"@loader_path/Frameworks",
				);
				PRODUCT_BUNDLE_IDENTIFIER = "App.Meme-MakerTests";
				PRODUCT_NAME = "$(TARGET_NAME)";
				SWIFT_VERSION = 4.2;
				TARGETED_DEVICE_FAMILY = "1,2";
				TEST_HOST = "$(BUILT_PRODUCTS_DIR)/Meme_Maker.app/Meme_Maker";
			};
			name = Release;
		};
		3F7DA6B7222CDAB4001BB156 /* Debug */ = {
			isa = XCBuildConfiguration;
			buildSettings = {
				ALWAYS_EMBED_SWIFT_STANDARD_LIBRARIES = YES;
				CODE_SIGN_STYLE = Automatic;
				DEVELOPMENT_TEAM = C6NU8MQV95;
				INFOPLIST_FILE = Meme_MakerUITests/Info.plist;
				LD_RUNPATH_SEARCH_PATHS = (
					"$(inherited)",
					"@executable_path/Frameworks",
					"@loader_path/Frameworks",
				);
				PRODUCT_BUNDLE_IDENTIFIER = "App.Meme-MakerUITests";
				PRODUCT_NAME = "$(TARGET_NAME)";
				SWIFT_VERSION = 4.2;
				TARGETED_DEVICE_FAMILY = "1,2";
				TEST_TARGET_NAME = Meme_Maker;
			};
			name = Debug;
		};
		3F7DA6B8222CDAB4001BB156 /* Release */ = {
			isa = XCBuildConfiguration;
			buildSettings = {
				ALWAYS_EMBED_SWIFT_STANDARD_LIBRARIES = YES;
				CODE_SIGN_STYLE = Automatic;
				DEVELOPMENT_TEAM = C6NU8MQV95;
				INFOPLIST_FILE = Meme_MakerUITests/Info.plist;
				LD_RUNPATH_SEARCH_PATHS = (
					"$(inherited)",
					"@executable_path/Frameworks",
					"@loader_path/Frameworks",
				);
				PRODUCT_BUNDLE_IDENTIFIER = "App.Meme-MakerUITests";
				PRODUCT_NAME = "$(TARGET_NAME)";
				SWIFT_VERSION = 4.2;
				TARGETED_DEVICE_FAMILY = "1,2";
				TEST_TARGET_NAME = Meme_Maker;
			};
			name = Release;
		};
/* End XCBuildConfiguration section */

/* Begin XCConfigurationList section */
		3F7DA683222CDAB1001BB156 /* Build configuration list for PBXProject "iBuild_App" */ = {
			isa = XCConfigurationList;
			buildConfigurations = (
				3F7DA6AE222CDAB4001BB156 /* Debug */,
				3F7DA6AF222CDAB4001BB156 /* Release */,
			);
			defaultConfigurationIsVisible = 0;
			defaultConfigurationName = Release;
		};
		3F7DA6B0222CDAB4001BB156 /* Build configuration list for PBXNativeTarget "Meme_Maker" */ = {
			isa = XCConfigurationList;
			buildConfigurations = (
				3F7DA6B1222CDAB4001BB156 /* Debug */,
				3F7DA6B2222CDAB4001BB156 /* Release */,
			);
			defaultConfigurationIsVisible = 0;
			defaultConfigurationName = Release;
		};
		3F7DA6B3222CDAB4001BB156 /* Build configuration list for PBXNativeTarget "Meme_MakerTests" */ = {
			isa = XCConfigurationList;
			buildConfigurations = (
				3F7DA6B4222CDAB4001BB156 /* Debug */,
				3F7DA6B5222CDAB4001BB156 /* Release */,
			);
			defaultConfigurationIsVisible = 0;
			defaultConfigurationName = Release;
		};
		3F7DA6B6222CDAB4001BB156 /* Build configuration list for PBXNativeTarget "Meme_MakerUITests" */ = {
			isa = XCConfigurationList;
			buildConfigurations = (
				3F7DA6B7222CDAB4001BB156 /* Debug */,
				3F7DA6B8222CDAB4001BB156 /* Release */,
			);
			defaultConfigurationIsVisible = 0;
			defaultConfigurationName = Release;
		};
/* End XCConfigurationList section */
	};
	rootObject = 3F7DA680222CDAB1001BB156 /* Project object */;
}
